[[package]]
category = "main"
description = "The alimt module of Aliyun Python sdk."
name = "aliyun-python-sdk-alimt"
optional = false
python-versions = "*"
version = "1.0.4"

[package.dependencies]
aliyun-python-sdk-core-v3 = ">=2.3.5"

[[package]]
category = "main"
description = "The core module of Aliyun Python SDK."
name = "aliyun-python-sdk-core"
optional = false
python-versions = "*"
version = "2.13.12"

[package.dependencies]
jmespath = ">=0.9.3,<1.0.0"
pycryptodome = ">=3.4.7"

[[package]]
category = "main"
description = "The core module of Aliyun Python SDK."
name = "aliyun-python-sdk-core-v3"
optional = false
python-versions = "*"
version = "2.13.11"

[package.dependencies]
jmespath = ">=0.9.3,<1.0.0"
pycryptodome = ">=3.4.7"

[[package]]
category = "dev"
description = "An abstract syntax tree for Python with inference support."
name = "astroid"
optional = false
python-versions = ">=3.5.*"
version = "2.3.3"

[package.dependencies]
lazy-object-proxy = ">=1.4.0,<1.5.0"
six = ">=1.12,<2.0"
wrapt = ">=1.11.0,<1.12.0"

[package.dependencies.typed-ast]
python = "<3.8"
version = ">=1.4.0,<1.5"

[[package]]
category = "dev"
description = "A tool that automatically formats Python code to conform to the PEP 8 style guide"
name = "autopep8"
optional = false
python-versions = "*"
version = "1.4.4"

[package.dependencies]
pycodestyle = ">=2.4.0"

[[package]]
category = "main"
description = "Screen-scraping library"
name = "beautifulsoup4"
optional = false
python-versions = "*"
version = "4.8.1"

[package.dependencies]
soupsieve = ">=1.2"

[[package]]
category = "main"
description = "A decorator for caching properties in classes."
name = "cached-property"
optional = false
python-versions = "*"
version = "1.5.1"

[[package]]
category = "dev"
description = "Cross-platform colored terminal text."
marker = "sys_platform == \"win32\""
name = "colorama"
optional = false
python-versions = ">=2.7, !=3.0.*, !=3.1.*, !=3.2.*, !=3.3.*, !=3.4.*"
version = "0.4.3"

[[package]]
category = "main"
description = "simplified environment variable parsing"
name = "environs"
optional = false
python-versions = ">=3.5"
version = "7.1.0"

[package.dependencies]
marshmallow = ">=2.7.0"
python-dotenv = "*"

[[package]]
category = "main"
description = "A library for automatically generating command line interfaces."
name = "fire"
optional = false
python-versions = "*"
version = "0.2.1"

[package.dependencies]
six = "*"
termcolor = "*"

[[package]]
category = "dev"
description = "A Python utility / library to sort Python imports."
name = "isort"
optional = false
python-versions = ">=2.7, !=3.0.*, !=3.1.*, !=3.2.*, !=3.3.*"
version = "4.3.21"

[[package]]
category = "main"
description = "JSON Matching Expressions"
name = "jmespath"
optional = false
python-versions = "*"
version = "0.9.4"

[[package]]
category = "dev"
description = "A fast and thorough lazy object proxy."
name = "lazy-object-proxy"
optional = false
python-versions = ">=2.7, !=3.0.*, !=3.1.*, !=3.2.*, !=3.3.*"
version = "1.4.3"

[[package]]
category = "main"
description = "A lightweight library for converting complex datatypes to and from native Python datatypes."
name = "marshmallow"
optional = false
python-versions = ">=3.5"
version = "3.3.0"

[[package]]
category = "dev"
description = "McCabe checker, plugin for flake8"
name = "mccabe"
optional = false
python-versions = "*"
version = "0.6.1"

[[package]]
category = "dev"
description = "Python style guide checker"
name = "pycodestyle"
optional = false
python-versions = ">=2.7, !=3.0.*, !=3.1.*, !=3.2.*, !=3.3.*"
version = "2.5.0"

[[package]]
category = "main"
description = "Cryptographic library for Python"
name = "pycryptodome"
optional = false
python-versions = ">=2.6, !=3.0.*, !=3.1.*, !=3.2.*, !=3.3.*"
version = "3.9.4"

[[package]]
category = "dev"
description = "python code static checker"
name = "pylint"
optional = false
python-versions = ">=3.5.*"
version = "2.4.4"

[package.dependencies]
astroid = ">=2.3.0,<2.4"
colorama = "*"
isort = ">=4.2.5,<5"
mccabe = ">=0.6,<0.7"

[[package]]
category = "main"
description = "Add .env support to your django/flask apps in development and deployments"
name = "python-dotenv"
optional = false
python-versions = "*"
version = "0.10.3"

[[package]]
category = "main"
description = "Python 2 and 3 compatibility utilities"
name = "six"
optional = false
python-versions = ">=2.6, !=3.0.*, !=3.1.*"
version = "1.13.0"

[[package]]
category = "main"
description = "A modern CSS selector implementation for Beautiful Soup."
name = "soupsieve"
optional = false
python-versions = "*"
version = "1.9.5"

[[package]]
category = "main"
description = "ANSII Color formatting for output in terminal."
name = "termcolor"
optional = false
python-versions = "*"
version = "1.1.0"

[[package]]
category = "dev"
description = "a fork of Python 2 and 3 ast modules with type comment support"
marker = "implementation_name == \"cpython\" and python_version < \"3.8\""
name = "typed-ast"
optional = false
python-versions = "*"
version = "1.4.0"

[[package]]
category = "dev"
description = "Module for decorators, wrappers and monkey patching."
name = "wrapt"
optional = false
python-versions = "*"
version = "1.11.2"

[metadata]
content-hash = "5f67cfb2e89b8c679eb37f317c3cb5926355147ac92b316900649ccd7d6f1e94"
python-versions = "^3.7"

[metadata.hashes]
aliyun-python-sdk-alimt = ["3a94e50c12cd137192308591ba9cfd8d64e101d93d29ff352c89276a90aff613"]
aliyun-python-sdk-core = ["4da908e108208eb29ac8bb2f5cc83f3e925f7990792624e36d679a92a2b2088a"]
aliyun-python-sdk-core-v3 = ["43228af216096b876b88abaf756bc9b9264663a83b620d22e902b2c269a1ab05"]
astroid = ["71ea07f44df9568a75d0f354c49143a4575d90645e9fead6dfb52c26a85ed13a", "840947ebfa8b58f318d42301cf8c0a20fd794a33b61cc4638e28e9e61ba32f42"]
autopep8 = ["4d8eec30cc81bc5617dbf1218201d770dc35629363547f17577c61683ccfb3ee"]
beautifulsoup4 = ["5279c36b4b2ec2cb4298d723791467e3000e5384a43ea0cdf5d45207c7e97169", "6135db2ba678168c07950f9a16c4031822c6f4aec75a65e0a97bc5ca09789931", "dcdef580e18a76d54002088602eba453eec38ebbcafafeaabd8cab12b6155d57"]
cached-property = ["3a026f1a54135677e7da5ce819b0c690f156f37976f3e30c5430740725203d7f", "9217a59f14a5682da7c4b8829deadbfc194ac22e9908ccf7c8820234e80a1504"]
colorama = ["7d73d2a99753107a36ac6b455ee49046802e59d9d076ef8e47b61499fa29afff", "e96da0d330793e2cb9485e9ddfd918d456036c7149416295932478192f4436a1"]
environs = ["6a85140c3a608e8a287db7215dd3777f4e8d12648bc2c24609ca0c662993ba59", "c1d72abc5115f1096475ef2bc47b08893ac1e6dd5fc649063eefa8849fda00b6"]
fire = ["6865fefc6981a713d2ce56a2a2c92c56c729269f74a6cddd6f4b94d16ae084c9"]
isort = ["54da7e92468955c4fceacd0c86bd0ec997b0e1ee80d97f67c35a78b719dccab1", "6e811fcb295968434526407adb8796944f1988c5b65e8139058f2014cbe100fd"]
jmespath = ["3720a4b1bd659dd2eecad0666459b9788813e032b83e7ba58578e48254e0a0e6", "bde2aef6f44302dfb30320115b17d030798de8c4110e28d5cf6cf91a7a31074c"]
lazy-object-proxy = ["0c4b206227a8097f05c4dbdd323c50edf81f15db3b8dc064d08c62d37e1a504d", "194d092e6f246b906e8f70884e620e459fc54db3259e60cf69a4d66c3fda3449", "1be7e4c9f96948003609aa6c974ae59830a6baecc5376c25c92d7d697e684c08", "4677f594e474c91da97f489fea5b7daa17b5517190899cf213697e48d3902f5a", "48dab84ebd4831077b150572aec802f303117c8cc5c871e182447281ebf3ac50", "5541cada25cd173702dbd99f8e22434105456314462326f06dba3e180f203dfd", "59f79fef100b09564bc2df42ea2d8d21a64fdcda64979c0fa3db7bdaabaf6239", "8d859b89baf8ef7f8bc6b00aa20316483d67f0b1cbf422f5b4dc56701c8f2ffb", "9254f4358b9b541e3441b007a0ea0764b9d056afdeafc1a5569eee1cc6c1b9ea", "9651375199045a358eb6741df3e02a651e0330be090b3bc79f6d0de31a80ec3e", "97bb5884f6f1cdce0099f86b907aa41c970c3c672ac8b9c8352789e103cf3156", "9b15f3f4c0f35727d3a0fba4b770b3c4ebbb1fa907dbcc046a1d2799f3edd142", "a2238e9d1bb71a56cd710611a1614d1194dc10a175c1e08d75e1a7bcc250d442", "a6ae12d08c0bf9909ce12385803a543bfe99b95fe01e752536a60af2b7797c62", "ca0a928a3ddbc5725be2dd1cf895ec0a254798915fb3a36af0964a0a4149e3db", "cb2c7c57005a6804ab66f106ceb8482da55f5314b7fcb06551db1edae4ad1531", "d74bb8693bf9cf75ac3b47a54d716bbb1a92648d5f781fc799347cfc95952383", "d945239a5639b3ff35b70a88c5f2f491913eb94871780ebfabb2568bd58afc5a", "eba7011090323c1dadf18b3b689845fd96a61ba0a1dfbd7f24b921398affc357", "efa1909120ce98bbb3777e8b6f92237f5d5c8ea6758efea36a473e1d38f7d3e4", "f3900e8a5de27447acbf900b4750b0ddfd7ec1ea7fbaf11dfa911141bc522af0"]
marshmallow = ["0ba81b6da4ae69eb229b74b3c741ff13fe04fb899824377b1aff5aaa1a9fd46e", "3e53dd9e9358977a3929e45cdbe4a671f9eff53a7d6a23f33ed3eab8c1890d8f"]
mccabe = ["ab8a6258860da4b6677da4bd2fe5dc2c659cff31b3ee4f7f5d64e79735b80d42", "dd8d182285a0fe56bace7f45b5e7d1a6ebcbf524e8f3bd87eb0f125271b8831f"]
pycodestyle = ["95a2219d12372f05704562a14ec30bc76b05a5b297b21a5dfe3f6fac3491ae56", "e40a936c9a450ad81df37f549d676d127b1b66000a6c500caa2b085bc0ca976c"]
pycryptodome = ["042ae873baadd0c33b4d699a5c5b976ade3233a979d972f98ca82314632d868c", "0502876279772b1384b660ccc91563d04490d562799d8e2e06b411e2d81128a9", "2de33ed0a95855735d5a0fc0c39603314df9e78ee8bbf0baa9692fb46b3b8bbb", "319e568baf86620b419d53063b18c216abf924875966efdfe06891b987196a45", "4372ec7518727172e1605c0843cdc5375d4771e447b8148c787b860260aae151", "48821950ffb9c836858d8fa09d7840b6df52eadd387a3c5acece55cb387743f9", "4b9533d4166ca07abdd49ce9d516666b1df944997fe135d4b21ac376aa624aff", "54456cf85130e01674d21fb1ab89ffccacb138a8ade88d72fa2b0ac898d2798b", "56fdd0e425f1b8fd3a00b6d96351f86226674974814c50534864d0124d48871f", "57b1b707363490c495ad0eeb38bd1b0e1697c497af25fad78d3a1ebf0477fd5b", "5c485ed6e9718ebcaa81138fa70ace9c563d202b56a8cee119b4085b023931f5", "63c103a22cbe9752f6ea9f1a0de129995bad91c4d03a66c67cffcf6ee0c9f1e1", "68fab8455efcbfe87c5d75015476f9b606227ffe244d57bfd66269451706e899", "6c2720696b10ae356040e888bde1239b8957fe18885ccf5e7b4e8dec882f0856", "72166c2ac520a5dbd2d90208b9c279161ec0861662a621892bd52fb6ca13ab91", "7c52308ac5b834331b2f107a490b2c27de024a229b61df4cdc5c131d563dfe98", "87d8d85b4792ca5e730fb7a519fbc3ed976c59dcf79c5204589c59afd56b9926", "896e9b6fd0762aa07b203c993fbbee7a1f1a4674c6886afd7bfa86f3d1be98a8", "8a799bea3c6617736e914a2e77c409f52893d382f619f088f8a80e2e21f573c1", "9d9945ac8375d5d8e60bd2a2e1df5882eaa315522eedf3ca868b1546dfa34eba", "9ef966c727de942de3e41aa8462c4b7b4bca70f19af5a3f99e31376589c11aac", "a168e73879619b467072509a223282a02c8047d932a48b74fbd498f27224aa04", "a30f501bbb32e01a49ef9e09ca1260e5ab49bf33a257080ec553e08997acc487", "a8ca2450394d3699c9f15ef25e8de9a24b401933716a1e39d37fa01f5fe3c58b", "aec4d42deb836b8fb3ba32f2ba1ef0d33dd3dc9d430b1479ee7a914490d15b5e", "b4af098f2a50f8d048ab12cabb59456585c0acf43d90ee79782d2d6d0ed59dba", "b55c60c321ac91945c60a40ac9896ac7a3d432bb3e8c14006dfd82ad5871c331", "c53348358408d94869059e16fba5ff3bef8c52c25b18421472aba272b9bb450f", "cbfd97f9e060f0d30245cd29fa267a9a84de9da97559366fca0a3f7655acc63f", "d3fe3f33ad52bf0c19ee6344b695ba44ffbfa16f3c29ca61116b48d97bd970fb", "e3a79a30d15d9c7c284a7734036ee8abdb5ca3a6f5774d293cdc9e1358c1dc10", "eec0689509389f19875f66ae8dedd59f982240cdab31b9f78a8dc266011df93a"]
pylint = ["3db5468ad013380e987410a8d6956226963aed94ecb5f9d3a28acca6d9ac36cd", "886e6afc935ea2590b462664b161ca9a5e40168ea99e5300935f6591ad467df4"]
python-dotenv = ["debd928b49dbc2bf68040566f55cdb3252458036464806f4094487244e2a4093", "f157d71d5fec9d4bd5f51c82746b6344dffa680ee85217c123f4a0c8117c4544"]
six = ["1f1b7d42e254082a9db6279deae68afb421ceba6158efa6131de7b3003ee93fd", "30f610279e8b2578cab6db20741130331735c781b56053c59c4076da27f06b66"]
soupsieve = ["bdb0d917b03a1369ce964056fc195cfdff8819c40de04695a80bc813c3cfa1f5", "e2c1c5dee4a1c36bcb790e0fabd5492d874b8ebd4617622c4f6a731701060dda"]
termcolor = ["1d6d69ce66211143803fbc56652b41d73b4a400a2891d7bf7a1cdf4c02de613b"]
typed-ast = ["1170afa46a3799e18b4c977777ce137bb53c7485379d9706af8a59f2ea1aa161", "18511a0b3e7922276346bcb47e2ef9f38fb90fd31cb9223eed42c85d1312344e", "262c247a82d005e43b5b7f69aff746370538e176131c32dda9cb0f324d27141e", "2b907eb046d049bcd9892e3076c7a6456c93a25bebfe554e931620c90e6a25b0", "354c16e5babd09f5cb0ee000d54cfa38401d8b8891eefa878ac772f827181a3c", "48e5b1e71f25cfdef98b013263a88d7145879fbb2d5185f2a0c79fa7ebbeae47", "4e0b70c6fc4d010f8107726af5fd37921b666f5b31d9331f0bd24ad9a088e631", "630968c5cdee51a11c05a30453f8cd65e0cc1d2ad0d9192819df9978984529f4", "66480f95b8167c9c5c5c87f32cf437d585937970f3fc24386f313a4c97b44e34", "71211d26ffd12d63a83e079ff258ac9d56a1376a25bc80b1cdcdf601b855b90b", "7954560051331d003b4e2b3eb822d9dd2e376fa4f6d98fee32f452f52dd6ebb2", "838997f4310012cf2e1ad3803bce2f3402e9ffb71ded61b5ee22617b3a7f6b6e", "95bd11af7eafc16e829af2d3df510cecfd4387f6453355188342c3e79a2ec87a", "bc6c7d3fa1325a0c6613512a093bc2a2a15aeec350451cbdf9e1d4bffe3e3233", "cc34a6f5b426748a507dd5d1de4c1978f2eb5626d51326e43280941206c209e1", "d755f03c1e4a51e9b24d899561fec4ccaf51f210d52abdf8c07ee2849b212a36", "d7c45933b1bdfaf9f36c579671fec15d25b06c8398f113dab64c18ed1adda01d", "d896919306dd0aa22d0132f62a1b78d11aaf4c9fc5b3410d3c666b818191630a", "fdc1c9bbf79510b76408840e009ed65958feba92a88833cdceecff93ae8fff66", "ffde2fbfad571af120fcbfbbc61c72469e72f550d676c3342492a9dfdefb8f12"]
wrapt = ["565a021fd19419476b9362b05eeaa094178de64f8361e44468f9e9d7843901e1"]
